{
  "name": "assets",
  "lockfileVersion": 2,
  "requires": true,
  "packages": {
    "": {
      "dependencies": {
        "uikit": "^3.12.2"
      }
    },
    "node_modules/uikit": {
      "version": "3.12.2",
      "resolved": "https://registry.npmjs.org/uikit/-/uikit-3.12.2.tgz",
      "integrity": "sha512-YfKozhmHysSZM2f50CR81QsBeWWBdbo1DfpGwJ/n5Q+OPQIY/YteImb+z+HDby+GFKP1crZYxew1EB/x8uvLqw=="
    }
  },
  "dependencies": {
    "uikit": {
      "version": "3.12.2",
      "resolved": "https://registry.npmjs.org/uikit/-/uikit-3.12.2.tgz",
      "integrity": "sha512-YfKozhmHysSZM2f50CR81QsBeWWBdbo1DfpGwJ/n5Q+OPQIY/YteImb+z+HDby+GFKP1crZYxew1EB/x8uvLqw=="
    }
  }
}
