# THIS IS AN AUTOGENERATED FILE. DO NOT EDIT THIS FILE DIRECTLY.
# yarn lockfile v1


"uikit@^3.12.2":
  "integrity" "sha512-YfKozhmHysSZM2f50CR81QsBeWWBdbo1DfpGwJ/n5Q+OPQIY/YteImb+z+HDby+GFKP1crZYxew1EB/x8uvLqw=="
  "resolved" "https://registry.npmjs.org/uikit/-/uikit-3.12.2.tgz"
  "version" "3.12.2"
